
Microsoft Visual Studio Solution File, Format Version 11.00
# Visual Studio 2010
Project("{6989167D-11E4-40FE-8C1A-2192A86A7E90}") = "matr_", "matr_.vfproj", "{CAE9980D-7DE5-4F42-BA12-A773640C16DB}"
EndProject
Global
	GlobalSection(SolutionConfigurationPlatforms) = preSolution
		Debug|Win32 = Debug|Win32
		Release|Win32 = Release|Win32
	EndGlobalSection
	GlobalSection(ProjectConfigurationPlatforms) = postSolution
		{CAE9980D-7DE5-4F42-BA12-A773640C16DB}.Debug|Win32.ActiveCfg = Debug|Win32
		{CAE9980D-7DE5-4F42-BA12-A773640C16DB}.Debug|Win32.Build.0 = Debug|Win32
		{CAE9980D-7DE5-4F42-BA12-A773640C16DB}.Release|Win32.ActiveCfg = Release|Win32
		{CAE9980D-7DE5-4F42-BA12-A773640C16DB}.Release|Win32.Build.0 = Release|Win32
	EndGlobalSection
	GlobalSection(SolutionProperties) = preSolution
		HideSolutionNode = FALSE
	EndGlobalSection
EndGlobal
